// !$*UTF8*$!
{
	archiveVersion = 1;
	classes = {
	};
	objectVersion = 56;
	objects = {

/* Begin PBXBuildFile section */
		D62E17502AEA77B30012A5EE /* MeetingTimerView.swift in Sources */ = {isa = PBXBuildFile; fileRef = D62E174F2AEA77B30012A5EE /* MeetingTimerView.swift */; };
		D62E17522AEA7B490012A5EE /* SpeakerArc.swift in Sources */ = {isa = PBXBuildFile; fileRef = D62E17512AEA7B490012A5EE /* SpeakerArc.swift */; };
		D62E17542AEAADAB0012A5EE /* SpeechRecognizer.swift in Sources */ = {isa = PBXBuildFile; fileRef = D62E17532AEAADAB0012A5EE /* SpeechRecognizer.swift */; };
		D62E17562AEB98AE0012A5EE /* HistoryView.swift in Sources */ = {isa = PBXBuildFile; fileRef = D62E17552AEB98AE0012A5EE /* HistoryView.swift */; };
		D664023E2AE719C700DD36F3 /* ScrumdingerApp.swift in Sources */ = {isa = PBXBuildFile; fileRef = D664023D2AE719C700DD36F3 /* ScrumdingerApp.swift */; };
		D66402402AE719C700DD36F3 /* MeetingView.swift in Sources */ = {isa = PBXBuildFile; fileRef = D664023F2AE719C700DD36F3 /* MeetingView.swift */; };
		D66402422AE719C800DD36F3 /* Assets.xcassets in Resources */ = {isa = PBXBuildFile; fileRef = D66402412AE719C800DD36F3 /* Assets.xcassets */; };
		D66402452AE719C800DD36F3 /* Preview Assets.xcassets in Resources */ = {isa = PBXBuildFile; fileRef = D66402442AE719C800DD36F3 /* Preview Assets.xcassets */; };
		D6C2239D2AEA4991005F082A /* ErrorWrapper.swift in Sources */ = {isa = PBXBuildFile; fileRef = D6C2239C2AEA4991005F082A /* ErrorWrapper.swift */; };
		D6C2239F2AEA4AA0005F082A /* ErrorView.swift in Sources */ = {isa = PBXBuildFile; fileRef = D6C2239E2AEA4AA0005F082A /* ErrorView.swift */; };
		D6CB72482AE8DE81005D144F /* ScrumTimer.swift in Sources */ = {isa = PBXBuildFile; fileRef = D6CB72472AE8DE81005D144F /* ScrumTimer.swift */; };
		D6CB724A2AE8ED9C005D144F /* MeetingFooterView.swift in Sources */ = {isa = PBXBuildFile; fileRef = D6CB72492AE8ED9C005D144F /* MeetingFooterView.swift */; };
		D6CB724C2AE8FC4C005D144F /* AVPlayer+Ding.swift in Sources */ = {isa = PBXBuildFile; fileRef = D6CB724B2AE8FC4C005D144F /* AVPlayer+Ding.swift */; };
		D6CB724E2AE92DF5005D144F /* NewScrumSheet.swift in Sources */ = {isa = PBXBuildFile; fileRef = D6CB724D2AE92DF5005D144F /* NewScrumSheet.swift */; };
		D6CB72502AE93162005D144F /* EditScrumSheet.swift in Sources */ = {isa = PBXBuildFile; fileRef = D6CB724F2AE93162005D144F /* EditScrumSheet.swift */; };
		D6CB72522AE93DB8005D144F /* History.swift in Sources */ = {isa = PBXBuildFile; fileRef = D6CB72512AE93DB8005D144F /* History.swift */; };
		D6D66AEE2AEA1AD600DC4E94 /* ScrumStore.swift in Sources */ = {isa = PBXBuildFile; fileRef = D6D66AED2AEA1AD600DC4E94 /* ScrumStore.swift */; };
		D6E4A63D2AE7840F007089FB /* Theme.swift in Sources */ = {isa = PBXBuildFile; fileRef = D6E4A63C2AE7840F007089FB /* Theme.swift */; };
		D6E4A63F2AE791CD007089FB /* DailyScrum.swift in Sources */ = {isa = PBXBuildFile; fileRef = D6E4A63E2AE791CD007089FB /* DailyScrum.swift */; };
		D6E4A6422AE796FF007089FB /* CardView.swift in Sources */ = {isa = PBXBuildFile; fileRef = D6E4A6412AE796FF007089FB /* CardView.swift */; };
		D6E4A6452AE79D8F007089FB /* TrailingIconLabelStyle.swift in Sources */ = {isa = PBXBuildFile; fileRef = D6E4A6442AE79D8F007089FB /* TrailingIconLabelStyle.swift */; };
		D6E4A6472AE7ADCB007089FB /* ScrumsView.swift in Sources */ = {isa = PBXBuildFile; fileRef = D6E4A6462AE7ADCB007089FB /* ScrumsView.swift */; };
		D6E4A6492AE7C377007089FB /* DetailView.swift in Sources */ = {isa = PBXBuildFile; fileRef = D6E4A6482AE7C377007089FB /* DetailView.swift */; };
		D6E4A64B2AE7DFF6007089FB /* DetailEditView.swift in Sources */ = {isa = PBXBuildFile; fileRef = D6E4A64A2AE7DFF6007089FB /* DetailEditView.swift */; };
		D6E4A64D2AE7F71A007089FB /* ThemeView.swift in Sources */ = {isa = PBXBuildFile; fileRef = D6E4A64C2AE7F71A007089FB /* ThemeView.swift */; };
		D6E4A64F2AE7F9B2007089FB /* ThemePickerView.swift in Sources */ = {isa = PBXBuildFile; fileRef = D6E4A64E2AE7F9B2007089FB /* ThemePickerView.swift */; };
		D6E4A6542AE8BE39007089FB /* ding.wav in Resources */ = {isa = PBXBuildFile; fileRef = D6E4A6532AE8BE39007089FB /* ding.wav */; };
		D6E4A6562AE8C0A2007089FB /* MeetingHeaderView.swift in Sources */ = {isa = PBXBuildFile; fileRef = D6E4A6552AE8C0A2007089FB /* MeetingHeaderView.swift */; };
		D6E4A6582AE8C710007089FB /* ScrumProgressViewStyle.swift in Sources */ = {isa = PBXBuildFile; fileRef = D6E4A6572AE8C710007089FB /* ScrumProgressViewStyle.swift */; };
/* End PBXBuildFile section */

/* Begin PBXFileReference section */
		D62E174F2AEA77B30012A5EE /* MeetingTimerView.swift */ = {isa = PBXFileReference; lastKnownFileType = sourcecode.swift; path = MeetingTimerView.swift; sourceTree = "<group>"; };
		D62E17512AEA7B490012A5EE /* SpeakerArc.swift */ = {isa = PBXFileReference; lastKnownFileType = sourcecode.swift; path = SpeakerArc.swift; sourceTree = "<group>"; };
		D62E17532AEAADAB0012A5EE /* SpeechRecognizer.swift */ = {isa = PBXFileReference; fileEncoding = 4; lastKnownFileType = sourcecode.swift; path = SpeechRecognizer.swift; sourceTree = "<group>"; };
		D62E17552AEB98AE0012A5EE /* HistoryView.swift */ = {isa = PBXFileReference; lastKnownFileType = sourcecode.swift; path = HistoryView.swift; sourceTree = "<group>"; };
		D664023A2AE719C700DD36F3 /* Scrumdinger.app */ = {isa = PBXFileReference; explicitFileType = wrapper.application; includeInIndex = 0; path = Scrumdinger.app; sourceTree = BUILT_PRODUCTS_DIR; };
		D664023D2AE719C700DD36F3 /* ScrumdingerApp.swift */ = {isa = PBXFileReference; lastKnownFileType = sourcecode.swift; path = ScrumdingerApp.swift; sourceTree = "<group>"; };
		D664023F2AE719C700DD36F3 /* MeetingView.swift */ = {isa = PBXFileReference; lastKnownFileType = sourcecode.swift; path = MeetingView.swift; sourceTree = "<group>"; };
		D66402412AE719C800DD36F3 /* Assets.xcassets */ = {isa = PBXFileReference; lastKnownFileType = folder.assetcatalog; path = Assets.xcassets; sourceTree = "<group>"; };
		D66402442AE719C800DD36F3 /* Preview Assets.xcassets */ = {isa = PBXFileReference; lastKnownFileType = folder.assetcatalog; path = "Preview Assets.xcassets"; sourceTree = "<group>"; };
		D6C2239C2AEA4991005F082A /* ErrorWrapper.swift */ = {isa = PBXFileReference; lastKnownFileType = sourcecode.swift; path = ErrorWrapper.swift; sourceTree = "<group>"; };
		D6C2239E2AEA4AA0005F082A /* ErrorView.swift */ = {isa = PBXFileReference; lastKnownFileType = sourcecode.swift; path = ErrorView.swift; sourceTree = "<group>"; };
		D6CB72472AE8DE81005D144F /* ScrumTimer.swift */ = {isa = PBXFileReference; fileEncoding = 4; lastKnownFileType = sourcecode.swift; path = ScrumTimer.swift; sourceTree = "<group>"; };
		D6CB72492AE8ED9C005D144F /* MeetingFooterView.swift */ = {isa = PBXFileReference; lastKnownFileType = sourcecode.swift; path = MeetingFooterView.swift; sourceTree = "<group>"; };
		D6CB724B2AE8FC4C005D144F /* AVPlayer+Ding.swift */ = {isa = PBXFileReference; fileEncoding = 4; lastKnownFileType = sourcecode.swift; path = "AVPlayer+Ding.swift"; sourceTree = "<group>"; };
		D6CB724D2AE92DF5005D144F /* NewScrumSheet.swift */ = {isa = PBXFileReference; lastKnownFileType = sourcecode.swift; path = NewScrumSheet.swift; sourceTree = "<group>"; };
		D6CB724F2AE93162005D144F /* EditScrumSheet.swift */ = {isa = PBXFileReference; lastKnownFileType = sourcecode.swift; path = EditScrumSheet.swift; sourceTree = "<group>"; };
		D6CB72512AE93DB8005D144F /* History.swift */ = {isa = PBXFileReference; lastKnownFileType = sourcecode.swift; path = History.swift; sourceTree = "<group>"; };
		D6D66AED2AEA1AD600DC4E94 /* ScrumStore.swift */ = {isa = PBXFileReference; lastKnownFileType = sourcecode.swift; path = ScrumStore.swift; sourceTree = "<group>"; };
		D6E4A63C2AE7840F007089FB /* Theme.swift */ = {isa = PBXFileReference; lastKnownFileType = sourcecode.swift; path = Theme.swift; sourceTree = "<group>"; };
		D6E4A63E2AE791CD007089FB /* DailyScrum.swift */ = {isa = PBXFileReference; lastKnownFileType = sourcecode.swift; path = DailyScrum.swift; sourceTree = "<group>"; };
		D6E4A6412AE796FF007089FB /* CardView.swift */ = {isa = PBXFileReference; lastKnownFileType = sourcecode.swift; path = CardView.swift; sourceTree = "<group>"; };
		D6E4A6442AE79D8F007089FB /* TrailingIconLabelStyle.swift */ = {isa = PBXFileReference; lastKnownFileType = sourcecode.swift; path = TrailingIconLabelStyle.swift; sourceTree = "<group>"; };
		D6E4A6462AE7ADCB007089FB /* ScrumsView.swift */ = {isa = PBXFileReference; lastKnownFileType = sourcecode.swift; path = ScrumsView.swift; sourceTree = "<group>"; };
		D6E4A6482AE7C377007089FB /* DetailView.swift */ = {isa = PBXFileReference; lastKnownFileType = sourcecode.swift; path = DetailView.swift; sourceTree = "<group>"; };
		D6E4A64A2AE7DFF6007089FB /* DetailEditView.swift */ = {isa = PBXFileReference; lastKnownFileType = sourcecode.swift; path = DetailEditView.swift; sourceTree = "<group>"; };
		D6E4A64C2AE7F71A007089FB /* ThemeView.swift */ = {isa = PBXFileReference; lastKnownFileType = sourcecode.swift; path = ThemeView.swift; sourceTree = "<group>"; };
		D6E4A64E2AE7F9B2007089FB /* ThemePickerView.swift */ = {isa = PBXFileReference; lastKnownFileType = sourcecode.swift; path = ThemePickerView.swift; sourceTree = "<group>"; };
		D6E4A6532AE8BE39007089FB /* ding.wav */ = {isa = PBXFileReference; lastKnownFileType = audio.wav; path = ding.wav; sourceTree = "<group>"; };
		D6E4A6552AE8C0A2007089FB /* MeetingHeaderView.swift */ = {isa = PBXFileReference; lastKnownFileType = sourcecode.swift; path = MeetingHeaderView.swift; sourceTree = "<group>"; };
		D6E4A6572AE8C710007089FB /* ScrumProgressViewStyle.swift */ = {isa = PBXFileReference; fileEncoding = 4; lastKnownFileType = sourcecode.swift; path = ScrumProgressViewStyle.swift; sourceTree = "<group>"; };
/* End PBXFileReference section */

/* Begin PBXFrameworksBuildPhase section */
		D66402372AE719C700DD36F3 /* Frameworks */ = {
			isa = PBXFrameworksBuildPhase;
			buildActionMask = 2147483647;
			files = (
			);
			runOnlyForDeploymentPostprocessing = 0;
		};
/* End PBXFrameworksBuildPhase section */

/* Begin PBXGroup section */
		D66402312AE719C700DD36F3 = {
			isa = PBXGroup;
			children = (
				D664023C2AE719C700DD36F3 /* Scrumdinger */,
				D664023B2AE719C700DD36F3 /* Products */,
			);
			sourceTree = "<group>";
		};
		D664023B2AE719C700DD36F3 /* Products */ = {
			isa = PBXGroup;
			children = (
				D664023A2AE719C700DD36F3 /* Scrumdinger.app */,
			);
			name = Products;
			sourceTree = "<group>";
		};
		D664023C2AE719C700DD36F3 /* Scrumdinger */ = {
			isa = PBXGroup;
			children = (
				D6E4A6432AE79D7F007089FB /* Styles */,
				D6E4A63B2AE783FB007089FB /* Models */,
				D6E4A6402AE796E0007089FB /* Views */,
				D664023D2AE719C700DD36F3 /* ScrumdingerApp.swift */,
				D6E4A6522AE8BE39007089FB /* Resources */,
				D66402412AE719C800DD36F3 /* Assets.xcassets */,
				D66402432AE719C800DD36F3 /* Preview Content */,
			);
			path = Scrumdinger;
			sourceTree = "<group>";
		};
		D66402432AE719C800DD36F3 /* Preview Content */ = {
			isa = PBXGroup;
			children = (
				D66402442AE719C800DD36F3 /* Preview Assets.xcassets */,
			);
			path = "Preview Content";
			sourceTree = "<group>";
		};
		D6E4A63B2AE783FB007089FB /* Models */ = {
			isa = PBXGroup;
			children = (
				D6E4A63C2AE7840F007089FB /* Theme.swift */,
				D6CB724B2AE8FC4C005D144F /* AVPlayer+Ding.swift */,
				D6CB72472AE8DE81005D144F /* ScrumTimer.swift */,
				D6E4A63E2AE791CD007089FB /* DailyScrum.swift */,
				D62E17532AEAADAB0012A5EE /* SpeechRecognizer.swift */,
				D6CB72512AE93DB8005D144F /* History.swift */,
				D6D66AED2AEA1AD600DC4E94 /* ScrumStore.swift */,
				D6C2239C2AEA4991005F082A /* ErrorWrapper.swift */,
			);
			path = Models;
			sourceTree = "<group>";
		};
		D6E4A6402AE796E0007089FB /* Views */ = {
			isa = PBXGroup;
			children = (
				D664023F2AE719C700DD36F3 /* MeetingView.swift */,
				D62E17552AEB98AE0012A5EE /* HistoryView.swift */,
				D6E4A6552AE8C0A2007089FB /* MeetingHeaderView.swift */,
				D62E174F2AEA77B30012A5EE /* MeetingTimerView.swift */,
				D6CB72492AE8ED9C005D144F /* MeetingFooterView.swift */,
				D6E4A6412AE796FF007089FB /* CardView.swift */,
				D6E4A6462AE7ADCB007089FB /* ScrumsView.swift */,
				D6E4A6482AE7C377007089FB /* DetailView.swift */,
				D6E4A64A2AE7DFF6007089FB /* DetailEditView.swift */,
				D6E4A64C2AE7F71A007089FB /* ThemeView.swift */,
				D6E4A64E2AE7F9B2007089FB /* ThemePickerView.swift */,
				D6CB724F2AE93162005D144F /* EditScrumSheet.swift */,
				D6CB724D2AE92DF5005D144F /* NewScrumSheet.swift */,
				D6C2239E2AEA4AA0005F082A /* ErrorView.swift */,
				D62E17512AEA7B490012A5EE /* SpeakerArc.swift */,
			);
			path = Views;
			sourceTree = "<group>";
		};
		D6E4A6432AE79D7F007089FB /* Styles */ = {
			isa = PBXGroup;
			children = (
				D6E4A6572AE8C710007089FB /* ScrumProgressViewStyle.swift */,
				D6E4A6442AE79D8F007089FB /* TrailingIconLabelStyle.swift */,
			);
			path = Styles;
			sourceTree = "<group>";
		};
		D6E4A6522AE8BE39007089FB /* Resources */ = {
			isa = PBXGroup;
			children = (
				D6E4A6532AE8BE39007089FB /* ding.wav */,
			);
			path = Resources;
			sourceTree = "<group>";
		};
/* End PBXGroup section */

/* Begin PBXNativeTarget section */
		D66402392AE719C700DD36F3 /* Scrumdinger */ = {
			isa = PBXNativeTarget;
			buildConfigurationList = D66402482AE719C800DD36F3 /* Build configuration list for PBXNativeTarget "Scrumdinger" */;
			buildPhases = (
				D66402362AE719C700DD36F3 /* Sources */,
				D66402372AE719C700DD36F3 /* Frameworks */,
				D66402382AE719C700DD36F3 /* Resources */,
			);
			buildRules = (
			);
			dependencies = (
			);
			name = Scrumdinger;
			productName = Scrumdinger;
			productReference = D664023A2AE719C700DD36F3 /* Scrumdinger.app */;
			productType = "com.apple.product-type.application";
		};
/* End PBXNativeTarget section */

/* Begin PBXProject section */
		D66402322AE719C700DD36F3 /* Project object */ = {
			isa = PBXProject;
			attributes = {
				BuildIndependentTargetsInParallel = 1;
				LastSwiftUpdateCheck = 1500;
				LastUpgradeCheck = 1500;
				TargetAttributes = {
					D66402392AE719C700DD36F3 = {
						CreatedOnToolsVersion = 15.0.1;
					};
				};
			};
			buildConfigurationList = D66402352AE719C700DD36F3 /* Build configuration list for PBXProject "Scrumdinger" */;
			compatibilityVersion = "Xcode 14.0";
			developmentRegion = en;
			hasScannedForEncodings = 0;
			knownRegions = (
				en,
				Base,
			);
			mainGroup = D66402312AE719C700DD36F3;
			productRefGroup = D664023B2AE719C700DD36F3 /* Products */;
			projectDirPath = "";
			projectRoot = "";
			targets = (
				D66402392AE719C700DD36F3 /* Scrumdinger */,
			);
		};
/* End PBXProject section */

/* Begin PBXResourcesBuildPhase section */
		D66402382AE719C700DD36F3 /* Resources */ = {
			isa = PBXResourcesBuildPhase;
			buildActionMask = 2147483647;
			files = (
				D6E4A6542AE8BE39007089FB /* ding.wav in Resources */,
				D66402452AE719C800DD36F3 /* Preview Assets.xcassets in Resources */,
				D66402422AE719C800DD36F3 /* Assets.xcassets in Resources */,
			);
			runOnlyForDeploymentPostprocessing = 0;
		};
/* End PBXResourcesBuildPhase section */

/* Begin PBXSourcesBuildPhase section */
		D66402362AE719C700DD36F3 /* Sources */ = {
			isa = PBXSourcesBuildPhase;
			buildActionMask = 2147483647;
			files = (
				D6E4A63F2AE791CD007089FB /* DailyScrum.swift in Sources */,
				D6E4A6492AE7C377007089FB /* DetailView.swift in Sources */,
				D6D66AEE2AEA1AD600DC4E94 /* ScrumStore.swift in Sources */,
				D6CB72522AE93DB8005D144F /* History.swift in Sources */,
				D6CB724A2AE8ED9C005D144F /* MeetingFooterView.swift in Sources */,
				D6CB72482AE8DE81005D144F /* ScrumTimer.swift in Sources */,
				D6E4A6582AE8C710007089FB /* ScrumProgressViewStyle.swift in Sources */,
				D6E4A64B2AE7DFF6007089FB /* DetailEditView.swift in Sources */,
				D6E4A6452AE79D8F007089FB /* TrailingIconLabelStyle.swift in Sources */,
				D6E4A63D2AE7840F007089FB /* Theme.swift in Sources */,
				D62E17542AEAADAB0012A5EE /* SpeechRecognizer.swift in Sources */,
				D6CB72502AE93162005D144F /* EditScrumSheet.swift in Sources */,
				D6E4A64F2AE7F9B2007089FB /* ThemePickerView.swift in Sources */,
				D62E17522AEA7B490012A5EE /* SpeakerArc.swift in Sources */,
				D6E4A6562AE8C0A2007089FB /* MeetingHeaderView.swift in Sources */,
				D6E4A6472AE7ADCB007089FB /* ScrumsView.swift in Sources */,
				D62E17502AEA77B30012A5EE /* MeetingTimerView.swift in Sources */,
				D62E17562AEB98AE0012A5EE /* HistoryView.swift in Sources */,
				D66402402AE719C700DD36F3 /* MeetingView.swift in Sources */,
				D6C2239D2AEA4991005F082A /* ErrorWrapper.swift in Sources */,
				D664023E2AE719C700DD36F3 /* ScrumdingerApp.swift in Sources */,
				D6CB724E2AE92DF5005D144F /* NewScrumSheet.swift in Sources */,
				D6E4A64D2AE7F71A007089FB /* ThemeView.swift in Sources */,
				D6E4A6422AE796FF007089FB /* CardView.swift in Sources */,
				D6CB724C2AE8FC4C005D144F /* AVPlayer+Ding.swift in Sources */,
				D6C2239F2AEA4AA0005F082A /* ErrorView.swift in Sources */,
			);
			runOnlyForDeploymentPostprocessing = 0;
		};
/* End PBXSourcesBuildPhase section */

/* Begin XCBuildConfiguration section */
		D66402462AE719C800DD36F3 /* Debug */ = {
			isa = XCBuildConfiguration;
			buildSettings = {
				ALWAYS_SEARCH_USER_PATHS = NO;
				ASSETCATALOG_COMPILER_GENERATE_SWIFT_ASSET_SYMBOL_EXTENSIONS = YES;
				CLANG_ANALYZER_NONNULL = YES;
				CLANG_ANALYZER_NUMBER_OBJECT_CONVERSION = YES_AGGRESSIVE;
				CLANG_CXX_LANGUAGE_STANDARD = "gnu++20";
				CLANG_ENABLE_MODULES = YES;
				CLANG_ENABLE_OBJC_ARC = YES;
				CLANG_ENABLE_OBJC_WEAK = YES;
				CLANG_WARN_BLOCK_CAPTURE_AUTORELEASING = YES;
				CLANG_WARN_BOOL_CONVERSION = YES;
				CLANG_WARN_COMMA = YES;
				CLANG_WARN_CONSTANT_CONVERSION = YES;
				CLANG_WARN_DEPRECATED_OBJC_IMPLEMENTATIONS = YES;
				CLANG_WARN_DIRECT_OBJC_ISA_USAGE = YES_ERROR;
				CLANG_WARN_DOCUMENTATION_COMMENTS = YES;
				CLANG_WARN_EMPTY_BODY = YES;
				CLANG_WARN_ENUM_CONVERSION = YES;
				CLANG_WARN_INFINITE_RECURSION = YES;
				CLANG_WARN_INT_CONVERSION = YES;
				CLANG_WARN_NON_LITERAL_NULL_CONVERSION = YES;
				CLANG_WARN_OBJC_IMPLICIT_RETAIN_SELF = YES;
				CLANG_WARN_OBJC_LITERAL_CONVERSION = YES;
				CLANG_WARN_OBJC_ROOT_CLASS = YES_ERROR;
				CLANG_WARN_QUOTED_INCLUDE_IN_FRAMEWORK_HEADER = YES;
				CLANG_WARN_RANGE_LOOP_ANALYSIS = YES;
				CLANG_WARN_STRICT_PROTOTYPES = YES;
				CLANG_WARN_SUSPICIOUS_MOVE = YES;
				CLANG_WARN_UNGUARDED_AVAILABILITY = YES_AGGRESSIVE;
				CLANG_WARN_UNREACHABLE_CODE = YES;
				CLANG_WARN__DUPLICATE_METHOD_MATCH = YES;
				COPY_PHASE_STRIP = NO;
				DEBUG_INFORMATION_FORMAT = dwarf;
				ENABLE_STRICT_OBJC_MSGSEND = YES;
				ENABLE_TESTABILITY = YES;
				ENABLE_USER_SCRIPT_SANDBOXING = YES;
				GCC_C_LANGUAGE_STANDARD = gnu17;
				GCC_DYNAMIC_NO_PIC = NO;
				GCC_NO_COMMON_BLOCKS = YES;
				GCC_OPTIMIZATION_LEVEL = 0;
				GCC_PREPROCESSOR_DEFINITIONS = (
					"DEBUG=1",
					"$(inherited)",
				);
				GCC_WARN_64_TO_32_BIT_CONVERSION = YES;
				GCC_WARN_ABOUT_RETURN_TYPE = YES_ERROR;
				GCC_WARN_UNDECLARED_SELECTOR = YES;
				GCC_WARN_UNINITIALIZED_AUTOS = YES_AGGRESSIVE;
				GCC_WARN_UNUSED_FUNCTION = YES;
				GCC_WARN_UNUSED_VARIABLE = YES;
				IPHONEOS_DEPLOYMENT_TARGET = 17.0;
				LOCALIZATION_PREFERS_STRING_CATALOGS = YES;
				MTL_ENABLE_DEBUG_INFO = INCLUDE_SOURCE;
				MTL_FAST_MATH = YES;
				ONLY_ACTIVE_ARCH = YES;
				SDKROOT = iphoneos;
				SWIFT_ACTIVE_COMPILATION_CONDITIONS = "DEBUG $(inherited)";
				SWIFT_OPTIMIZATION_LEVEL = "-Onone";
			};
			name = Debug;
		};
		D66402472AE719C800DD36F3 /* Release */ = {
			isa = XCBuildConfiguration;
			buildSettings = {
				ALWAYS_SEARCH_USER_PATHS = NO;
				ASSETCATALOG_COMPILER_GENERATE_SWIFT_ASSET_SYMBOL_EXTENSIONS = YES;
				CLANG_ANALYZER_NONNULL = YES;
				CLANG_ANALYZER_NUMBER_OBJECT_CONVERSION = YES_AGGRESSIVE;
				CLANG_CXX_LANGUAGE_STANDARD = "gnu++20";
				CLANG_ENABLE_MODULES = YES;
				CLANG_ENABLE_OBJC_ARC = YES;
				CLANG_ENABLE_OBJC_WEAK = YES;
				CLANG_WARN_BLOCK_CAPTURE_AUTORELEASING = YES;
				CLANG_WARN_BOOL_CONVERSION = YES;
				CLANG_WARN_COMMA = YES;
				CLANG_WARN_CONSTANT_CONVERSION = YES;
				CLANG_WARN_DEPRECATED_OBJC_IMPLEMENTATIONS = YES;
				CLANG_WARN_DIRECT_OBJC_ISA_USAGE = YES_ERROR;
				CLANG_WARN_DOCUMENTATION_COMMENTS = YES;
				CLANG_WARN_EMPTY_BODY = YES;
				CLANG_WARN_ENUM_CONVERSION = YES;
				CLANG_WARN_INFINITE_RECURSION = YES;
				CLANG_WARN_INT_CONVERSION = YES;
				CLANG_WARN_NON_LITERAL_NULL_CONVERSION = YES;
				CLANG_WARN_OBJC_IMPLICIT_RETAIN_SELF = YES;
				CLANG_WARN_OBJC_LITERAL_CONVERSION = YES;
				CLANG_WARN_OBJC_ROOT_CLASS = YES_ERROR;
				CLANG_WARN_QUOTED_INCLUDE_IN_FRAMEWORK_HEADER = YES;
				CLANG_WARN_RANGE_LOOP_ANALYSIS = YES;
				CLANG_WARN_STRICT_PROTOTYPES = YES;
				CLANG_WARN_SUSPICIOUS_MOVE = YES;
				CLANG_WARN_UNGUARDED_AVAILABILITY = YES_AGGRESSIVE;
				CLANG_WARN_UNREACHABLE_CODE = YES;
				CLANG_WARN__DUPLICATE_METHOD_MATCH = YES;
				COPY_PHASE_STRIP = NO;
				DEBUG_INFORMATION_FORMAT = "dwarf-with-dsym";
				ENABLE_NS_ASSERTIONS = NO;
				ENABLE_STRICT_OBJC_MSGSEND = YES;
				ENABLE_USER_SCRIPT_SANDBOXING = YES;
				GCC_C_LANGUAGE_STANDARD = gnu17;
				GCC_NO_COMMON_BLOCKS = YES;
				GCC_WARN_64_TO_32_BIT_CONVERSION = YES;
				GCC_WARN_ABOUT_RETURN_TYPE = YES_ERROR;
				GCC_WARN_UNDECLARED_SELECTOR = YES;
				GCC_WARN_UNINITIALIZED_AUTOS = YES_AGGRESSIVE;
				GCC_WARN_UNUSED_FUNCTION = YES;
				GCC_WARN_UNUSED_VARIABLE = YES;
				IPHONEOS_DEPLOYMENT_TARGET = 17.0;
				LOCALIZATION_PREFERS_STRING_CATALOGS = YES;
				MTL_ENABLE_DEBUG_INFO = NO;
				MTL_FAST_MATH = YES;
				SDKROOT = iphoneos;
				SWIFT_COMPILATION_MODE = wholemodule;
				VALIDATE_PRODUCT = YES;
			};
			name = Release;
		};
		D66402492AE719C800DD36F3 /* Debug */ = {
			isa = XCBuildConfiguration;
			buildSettings = {
				ASSETCATALOG_COMPILER_APPICON_NAME = AppIcon;
				ASSETCATALOG_COMPILER_GLOBAL_ACCENT_COLOR_NAME = AccentColor;
				CODE_SIGN_STYLE = Automatic;
				CURRENT_PROJECT_VERSION = 1;
				DEVELOPMENT_ASSET_PATHS = "\"Scrumdinger/Preview Content\"";
				DEVELOPMENT_TEAM = 8N2T75UPQQ;
				ENABLE_PREVIEWS = YES;
				GENERATE_INFOPLIST_FILE = YES;
				INFOPLIST_KEY_NSMicrophoneUsageDescription = "Audio is recorded to transcribe the meeting. Audio recordings are discarded after transcription.";
				INFOPLIST_KEY_NSSpeechRecognitionUsageDescription = "You can view a text transcription of your meeting in the app.";
				INFOPLIST_KEY_UIApplicationSceneManifest_Generation = YES;
				INFOPLIST_KEY_UIApplicationSupportsIndirectInputEvents = YES;
				INFOPLIST_KEY_UILaunchScreen_Generation = YES;
				INFOPLIST_KEY_UISupportedInterfaceOrientations_iPad = "UIInterfaceOrientationPortrait UIInterfaceOrientationPortraitUpsideDown UIInterfaceOrientationLandscapeLeft UIInterfaceOrientationLandscapeRight";
				INFOPLIST_KEY_UISupportedInterfaceOrientations_iPhone = "UIInterfaceOrientationPortrait UIInterfaceOrientationLandscapeLeft UIInterfaceOrientationLandscapeRight";
				LD_RUNPATH_SEARCH_PATHS = (
					"$(inherited)",
					"@executable_path/Frameworks",
				);
				MARKETING_VERSION = 1.0;
				PRODUCT_BUNDLE_IDENTIFIER = com.ramjondhale.Scrumdinger;
				PRODUCT_NAME = "$(TARGET_NAME)";
				SWIFT_EMIT_LOC_STRINGS = YES;
				SWIFT_VERSION = 5.0;
				TARGETED_DEVICE_FAMILY = "1,2";
			};
			name = Debug;
		};
		D664024A2AE719C800DD36F3 /* Release */ = {
			isa = XCBuildConfiguration;
			buildSettings = {
				ASSETCATALOG_COMPILER_APPICON_NAME = AppIcon;
				ASSETCATALOG_COMPILER_GLOBAL_ACCENT_COLOR_NAME = AccentColor;
				CODE_SIGN_STYLE = Automatic;
				CURRENT_PROJECT_VERSION = 1;
				DEVELOPMENT_ASSET_PATHS = "\"Scrumdinger/Preview Content\"";
				DEVELOPMENT_TEAM = 8N2T75UPQQ;
				ENABLE_PREVIEWS = YES;
				GENERATE_INFOPLIST_FILE = YES;
				INFOPLIST_KEY_NSMicrophoneUsageDescription = "Audio is recorded to transcribe the meeting. Audio recordings are discarded after transcription.";
				INFOPLIST_KEY_NSSpeechRecognitionUsageDescription = "You can view a text transcription of your meeting in the app.";
				INFOPLIST_KEY_UIApplicationSceneManifest_Generation = YES;
				INFOPLIST_KEY_UIApplicationSupportsIndirectInputEvents = YES;
				INFOPLIST_KEY_UILaunchScreen_Generation = YES;
				INFOPLIST_KEY_UISupportedInterfaceOrientations_iPad = "UIInterfaceOrientationPortrait UIInterfaceOrientationPortraitUpsideDown UIInterfaceOrientationLandscapeLeft UIInterfaceOrientationLandscapeRight";
				INFOPLIST_KEY_UISupportedInterfaceOrientations_iPhone = "UIInterfaceOrientationPortrait UIInterfaceOrientationLandscapeLeft UIInterfaceOrientationLandscapeRight";
				LD_RUNPATH_SEARCH_PATHS = (
					"$(inherited)",
					"@executable_path/Frameworks",
				);
				MARKETING_VERSION = 1.0;
				PRODUCT_BUNDLE_IDENTIFIER = com.ramjondhale.Scrumdinger;
				PRODUCT_NAME = "$(TARGET_NAME)";
				SWIFT_EMIT_LOC_STRINGS = YES;
				SWIFT_VERSION = 5.0;
				TARGETED_DEVICE_FAMILY = "1,2";
			};
			name = Release;
		};
/* End XCBuildConfiguration section */

/* Begin XCConfigurationList section */
		D66402352AE719C700DD36F3 /* Build configuration list for PBXProject "Scrumdinger" */ = {
			isa = XCConfigurationList;
			buildConfigurations = (
				D66402462AE719C800DD36F3 /* Debug */,
				D66402472AE719C800DD36F3 /* Release */,
			);
			defaultConfigurationIsVisible = 0;
			defaultConfigurationName = Release;
		};
		D66402482AE719C800DD36F3 /* Build configuration list for PBXNativeTarget "Scrumdinger" */ = {
			isa = XCConfigurationList;
			buildConfigurations = (
				D66402492AE719C800DD36F3 /* Debug */,
				D664024A2AE719C800DD36F3 /* Release */,
			);
			defaultConfigurationIsVisible = 0;
			defaultConfigurationName = Release;
		};
/* End XCConfigurationList section */
	};
	rootObject = D66402322AE719C700DD36F3 /* Project object */;
}
